
Microsoft Visual Studio Solution File, Format Version 12.00
# Visual Studio 15
VisualStudioVersion = 15.0.26228.10
MinimumVisualStudioVersion = 10.0.40219.1
Project("{FAE04EC0-301F-11D3-BF4B-00C04F79EFBC}") = "WFBackgroundTasks", "WFBackgroundTasks\WFBackgroundTasks.csproj", "{C6920A33-CC4A-4EDF-A1C2-CF131CE1F562}"
EndProject
Project("{8BC9CEB8-8B4A-11D0-8D11-00A0C91BC942}") = "XpsOMRuntimeComponent", "XpsOMRuntimeComponent\XpsOMRuntimeComponent.vcxproj", "{5503E3B8-60EB-4387-89DB-1260F51B6894}"
EndProject
Project("{FAE04EC0-301F-11D3-BF4B-00C04F79EFBC}") = "LocalStorageUtilities", "LocalStorageUtilities\LocalStorageUtilities.csproj", "{96DCEB8A-FF0D-41EF-A632-389CDF24C955}"
EndProject
Project("{8BC9CEB8-8B4A-11D0-8D11-00A0C91BC942}") = "PrinterContextNativeRuntimeComponent", "PrinterContextNativeRuntimeComponent\PrinterContextNativeRuntimeComponent.vcxproj", "{85CB9C94-0429-42D6-B5B6-670332DB2821}"
EndProject
Project("{FAE04EC0-301F-11D3-BF4B-00C04F79EFBC}") = "UtilitiesLibrary", "UtilitiesLibrary\UtilitiesLibrary.csproj", "{78F56C11-5854-4ED4-81FC-EDE7D4FDF8E5}"
EndProject
Project("{2150E333-8FDC-42A3-9474-1A3956D46DE8}") = "Solution Items", "Solution Items", "{3A383571-67F8-46B4-BAEB-735A6947BE48}"
	ProjectSection(SolutionItems) = preProject
		CONTRIBUTING.md = CONTRIBUTING.md
		Example-WorkflowPrinterPort.devicemetadata-ms = Example-WorkflowPrinterPort.devicemetadata-ms
		LICENSE = LICENSE
		README.md = README.md
	EndProjectSection
EndProject
Project("{FAE04EC0-301F-11D3-BF4B-00C04F79EFBC}") = "WorkflowAndWSDACombinedSample", "PrintWorkflowAndWSDACombinedSample\WorkflowAndWSDACombinedSample.csproj", "{5809E599-7A9D-4262-8530-5D5E5AE42879}"
EndProject
Global
	GlobalSection(SolutionConfigurationPlatforms) = preSolution
		Debug|Any CPU = Debug|Any CPU
		Debug|ARM = Debug|ARM
		Debug|x64 = Debug|x64
		Debug|x86 = Debug|x86
		Release|Any CPU = Release|Any CPU
		Release|ARM = Release|ARM
		Release|x64 = Release|x64
		Release|x86 = Release|x86
		Windows 8 APIs Debug|Any CPU = Windows 8 APIs Debug|Any CPU
		Windows 8 APIs Debug|ARM = Windows 8 APIs Debug|ARM
		Windows 8 APIs Debug|x64 = Windows 8 APIs Debug|x64
		Windows 8 APIs Debug|x86 = Windows 8 APIs Debug|x86
		Windows 8 APIs Release|Any CPU = Windows 8 APIs Release|Any CPU
		Windows 8 APIs Release|ARM = Windows 8 APIs Release|ARM
		Windows 8 APIs Release|x64 = Windows 8 APIs Release|x64
		Windows 8 APIs Release|x86 = Windows 8 APIs Release|x86
		Windows 8.1 APIs Debug|Any CPU = Windows 8.1 APIs Debug|Any CPU
		Windows 8.1 APIs Debug|ARM = Windows 8.1 APIs Debug|ARM
		Windows 8.1 APIs Debug|x64 = Windows 8.1 APIs Debug|x64
		Windows 8.1 APIs Debug|x86 = Windows 8.1 APIs Debug|x86
		Windows 8.1 APIs Release|Any CPU = Windows 8.1 APIs Release|Any CPU
		Windows 8.1 APIs Release|ARM = Windows 8.1 APIs Release|ARM
		Windows 8.1 APIs Release|x64 = Windows 8.1 APIs Release|x64
		Windows 8.1 APIs Release|x86 = Windows 8.1 APIs Release|x86
	EndGlobalSection
	GlobalSection(ProjectConfigurationPlatforms) = postSolution
		{C6920A33-CC4A-4EDF-A1C2-CF131CE1F562}.Debug|Any CPU.ActiveCfg = Debug|Any CPU
		{C6920A33-CC4A-4EDF-A1C2-CF131CE1F562}.Debug|Any CPU.Build.0 = Debug|Any CPU
		{C6920A33-CC4A-4EDF-A1C2-CF131CE1F562}.Debug|ARM.ActiveCfg = Debug|ARM
		{C6920A33-CC4A-4EDF-A1C2-CF131CE1F562}.Debug|ARM.Build.0 = Debug|ARM
		{C6920A33-CC4A-4EDF-A1C2-CF131CE1F562}.Debug|x64.ActiveCfg = Debug|x64
		{C6920A33-CC4A-4EDF-A1C2-CF131CE1F562}.Debug|x64.Build.0 = Debug|x64
		{C6920A33-CC4A-4EDF-A1C2-CF131CE1F562}.Debug|x86.ActiveCfg = Debug|x86
		{C6920A33-CC4A-4EDF-A1C2-CF131CE1F562}.Debug|x86.Build.0 = Debug|x86
		{C6920A33-CC4A-4EDF-A1C2-CF131CE1F562}.Release|Any CPU.ActiveCfg = Release|Any CPU
		{C6920A33-CC4A-4EDF-A1C2-CF131CE1F562}.Release|Any CPU.Build.0 = Release|Any CPU
		{C6920A33-CC4A-4EDF-A1C2-CF131CE1F562}.Release|ARM.ActiveCfg = Release|ARM
		{C6920A33-CC4A-4EDF-A1C2-CF131CE1F562}.Release|ARM.Build.0 = Release|ARM
		{C6920A33-CC4A-4EDF-A1C2-CF131CE1F562}.Release|x64.ActiveCfg = Release|x64
		{C6920A33-CC4A-4EDF-A1C2-CF131CE1F562}.Release|x64.Build.0 = Release|x64
		{C6920A33-CC4A-4EDF-A1C2-CF131CE1F562}.Release|x86.ActiveCfg = Release|x86
		{C6920A33-CC4A-4EDF-A1C2-CF131CE1F562}.Release|x86.Build.0 = Release|x86
		{C6920A33-CC4A-4EDF-A1C2-CF131CE1F562}.Windows 8 APIs Debug|Any CPU.ActiveCfg = Debug|Any CPU
		{C6920A33-CC4A-4EDF-A1C2-CF131CE1F562}.Windows 8 APIs Debug|Any CPU.Build.0 = Debug|Any CPU
		{C6920A33-CC4A-4EDF-A1C2-CF131CE1F562}.Windows 8 APIs Debug|ARM.ActiveCfg = Debug|ARM
		{C6920A33-CC4A-4EDF-A1C2-CF131CE1F562}.Windows 8 APIs Debug|ARM.Build.0 = Debug|ARM
		{C6920A33-CC4A-4EDF-A1C2-CF131CE1F562}.Windows 8 APIs Debug|x64.ActiveCfg = Debug|x64
		{C6920A33-CC4A-4EDF-A1C2-CF131CE1F562}.Windows 8 APIs Debug|x64.Build.0 = Debug|x64
		{C6920A33-CC4A-4EDF-A1C2-CF131CE1F562}.Windows 8 APIs Debug|x86.ActiveCfg = Debug|x86
		{C6920A33-CC4A-4EDF-A1C2-CF131CE1F562}.Windows 8 APIs Debug|x86.Build.0 = Debug|x86
		{C6920A33-CC4A-4EDF-A1C2-CF131CE1F562}.Windows 8 APIs Release|Any CPU.ActiveCfg = Release|Any CPU
		{C6920A33-CC4A-4EDF-A1C2-CF131CE1F562}.Windows 8 APIs Release|Any CPU.Build.0 = Release|Any CPU
		{C6920A33-CC4A-4EDF-A1C2-CF131CE1F562}.Windows 8 APIs Release|ARM.ActiveCfg = Release|ARM
		{C6920A33-CC4A-4EDF-A1C2-CF131CE1F562}.Windows 8 APIs Release|ARM.Build.0 = Release|ARM
		{C6920A33-CC4A-4EDF-A1C2-CF131CE1F562}.Windows 8 APIs Release|x64.ActiveCfg = Release|x64
		{C6920A33-CC4A-4EDF-A1C2-CF131CE1F562}.Windows 8 APIs Release|x64.Build.0 = Release|x64
		{C6920A33-CC4A-4EDF-A1C2-CF131CE1F562}.Windows 8 APIs Release|x86.ActiveCfg = Release|x86
		{C6920A33-CC4A-4EDF-A1C2-CF131CE1F562}.Windows 8 APIs Release|x86.Build.0 = Release|x86
		{C6920A33-CC4A-4EDF-A1C2-CF131CE1F562}.Windows 8.1 APIs Debug|Any CPU.ActiveCfg = Debug|Any CPU
		{C6920A33-CC4A-4EDF-A1C2-CF131CE1F562}.Windows 8.1 APIs Debug|Any CPU.Build.0 = Debug|Any CPU
		{C6920A33-CC4A-4EDF-A1C2-CF131CE1F562}.Windows 8.1 APIs Debug|ARM.ActiveCfg = Debug|ARM
		{C6920A33-CC4A-4EDF-A1C2-CF131CE1F562}.Windows 8.1 APIs Debug|ARM.Build.0 = Debug|ARM
		{C6920A33-CC4A-4EDF-A1C2-CF131CE1F562}.Windows 8.1 APIs Debug|x64.ActiveCfg = Debug|x64
		{C6920A33-CC4A-4EDF-A1C2-CF131CE1F562}.Windows 8.1 APIs Debug|x64.Build.0 = Debug|x64
		{C6920A33-CC4A-4EDF-A1C2-CF131CE1F562}.Windows 8.1 APIs Debug|x86.ActiveCfg = Debug|x86
		{C6920A33-CC4A-4EDF-A1C2-CF131CE1F562}.Windows 8.1 APIs Debug|x86.Build.0 = Debug|x86
		{C6920A33-CC4A-4EDF-A1C2-CF131CE1F562}.Windows 8.1 APIs Release|Any CPU.ActiveCfg = Release|Any CPU
		{C6920A33-CC4A-4EDF-A1C2-CF131CE1F562}.Windows 8.1 APIs Release|Any CPU.Build.0 = Release|Any CPU
		{C6920A33-CC4A-4EDF-A1C2-CF131CE1F562}.Windows 8.1 APIs Release|ARM.ActiveCfg = Release|ARM
		{C6920A33-CC4A-4EDF-A1C2-CF131CE1F562}.Windows 8.1 APIs Release|ARM.Build.0 = Release|ARM
		{C6920A33-CC4A-4EDF-A1C2-CF131CE1F562}.Windows 8.1 APIs Release|x64.ActiveCfg = Release|x64
		{C6920A33-CC4A-4EDF-A1C2-CF131CE1F562}.Windows 8.1 APIs Release|x64.Build.0 = Release|x64
		{C6920A33-CC4A-4EDF-A1C2-CF131CE1F562}.Windows 8.1 APIs Release|x86.ActiveCfg = Release|x86
		{C6920A33-CC4A-4EDF-A1C2-CF131CE1F562}.Windows 8.1 APIs Release|x86.Build.0 = Release|x86
		{5503E3B8-60EB-4387-89DB-1260F51B6894}.Debug|Any CPU.ActiveCfg = Debug|Win32
		{5503E3B8-60EB-4387-89DB-1260F51B6894}.Debug|ARM.ActiveCfg = Debug|ARM
		{5503E3B8-60EB-4387-89DB-1260F51B6894}.Debug|ARM.Build.0 = Debug|ARM
		{5503E3B8-60EB-4387-89DB-1260F51B6894}.Debug|x64.ActiveCfg = Debug|x64
		{5503E3B8-60EB-4387-89DB-1260F51B6894}.Debug|x64.Build.0 = Debug|x64
		{5503E3B8-60EB-4387-89DB-1260F51B6894}.Debug|x86.ActiveCfg = Debug|Win32
		{5503E3B8-60EB-4387-89DB-1260F51B6894}.Debug|x86.Build.0 = Debug|Win32
		{5503E3B8-60EB-4387-89DB-1260F51B6894}.Release|Any CPU.ActiveCfg = Release|Win32
		{5503E3B8-60EB-4387-89DB-1260F51B6894}.Release|ARM.ActiveCfg = Release|ARM
		{5503E3B8-60EB-4387-89DB-1260F51B6894}.Release|ARM.Build.0 = Release|ARM
		{5503E3B8-60EB-4387-89DB-1260F51B6894}.Release|x64.ActiveCfg = Release|x64
		{5503E3B8-60EB-4387-89DB-1260F51B6894}.Release|x64.Build.0 = Release|x64
		{5503E3B8-60EB-4387-89DB-1260F51B6894}.Release|x86.ActiveCfg = Release|Win32
		{5503E3B8-60EB-4387-89DB-1260F51B6894}.Release|x86.Build.0 = Release|Win32
		{5503E3B8-60EB-4387-89DB-1260F51B6894}.Windows 8 APIs Debug|Any CPU.ActiveCfg = Release|x64
		{5503E3B8-60EB-4387-89DB-1260F51B6894}.Windows 8 APIs Debug|Any CPU.Build.0 = Release|x64
		{5503E3B8-60EB-4387-89DB-1260F51B6894}.Windows 8 APIs Debug|ARM.ActiveCfg = Debug|ARM
		{5503E3B8-60EB-4387-89DB-1260F51B6894}.Windows 8 APIs Debug|ARM.Build.0 = Debug|ARM
		{5503E3B8-60EB-4387-89DB-1260F51B6894}.Windows 8 APIs Debug|x64.ActiveCfg = Debug|x64
		{5503E3B8-60EB-4387-89DB-1260F51B6894}.Windows 8 APIs Debug|x64.Build.0 = Debug|x64
		{5503E3B8-60EB-4387-89DB-1260F51B6894}.Windows 8 APIs Debug|x86.ActiveCfg = Debug|Win32
		{5503E3B8-60EB-4387-89DB-1260F51B6894}.Windows 8 APIs Debug|x86.Build.0 = Debug|Win32
		{5503E3B8-60EB-4387-89DB-1260F51B6894}.Windows 8 APIs Release|Any CPU.ActiveCfg = Release|x64
		{5503E3B8-60EB-4387-89DB-1260F51B6894}.Windows 8 APIs Release|Any CPU.Build.0 = Release|x64
		{5503E3B8-60EB-4387-89DB-1260F51B6894}.Windows 8 APIs Release|ARM.ActiveCfg = Release|ARM
		{5503E3B8-60EB-4387-89DB-1260F51B6894}.Windows 8 APIs Release|ARM.Build.0 = Release|ARM
		{5503E3B8-60EB-4387-89DB-1260F51B6894}.Windows 8 APIs Release|x64.ActiveCfg = Release|x64
		{5503E3B8-60EB-4387-89DB-1260F51B6894}.Windows 8 APIs Release|x64.Build.0 = Release|x64
		{5503E3B8-60EB-4387-89DB-1260F51B6894}.Windows 8 APIs Release|x86.ActiveCfg = Release|Win32
		{5503E3B8-60EB-4387-89DB-1260F51B6894}.Windows 8 APIs Release|x86.Build.0 = Release|Win32
		{5503E3B8-60EB-4387-89DB-1260F51B6894}.Windows 8.1 APIs Debug|Any CPU.ActiveCfg = Release|x64
		{5503E3B8-60EB-4387-89DB-1260F51B6894}.Windows 8.1 APIs Debug|Any CPU.Build.0 = Release|x64
		{5503E3B8-60EB-4387-89DB-1260F51B6894}.Windows 8.1 APIs Debug|ARM.ActiveCfg = Debug|ARM
		{5503E3B8-60EB-4387-89DB-1260F51B6894}.Windows 8.1 APIs Debug|ARM.Build.0 = Debug|ARM
		{5503E3B8-60EB-4387-89DB-1260F51B6894}.Windows 8.1 APIs Debug|x64.ActiveCfg = Debug|x64
		{5503E3B8-60EB-4387-89DB-1260F51B6894}.Windows 8.1 APIs Debug|x64.Build.0 = Debug|x64
		{5503E3B8-60EB-4387-89DB-1260F51B6894}.Windows 8.1 APIs Debug|x86.ActiveCfg = Debug|Win32
		{5503E3B8-60EB-4387-89DB-1260F51B6894}.Windows 8.1 APIs Debug|x86.Build.0 = Debug|Win32
		{5503E3B8-60EB-4387-89DB-1260F51B6894}.Windows 8.1 APIs Release|Any CPU.ActiveCfg = Release|x64
		{5503E3B8-60EB-4387-89DB-1260F51B6894}.Windows 8.1 APIs Release|Any CPU.Build.0 = Release|x64
		{5503E3B8-60EB-4387-89DB-1260F51B6894}.Windows 8.1 APIs Release|ARM.ActiveCfg = Release|ARM
		{5503E3B8-60EB-4387-89DB-1260F51B6894}.Windows 8.1 APIs Release|ARM.Build.0 = Release|ARM
		{5503E3B8-60EB-4387-89DB-1260F51B6894}.Windows 8.1 APIs Release|x64.ActiveCfg = Release|x64
		{5503E3B8-60EB-4387-89DB-1260F51B6894}.Windows 8.1 APIs Release|x64.Build.0 = Release|x64
		{5503E3B8-60EB-4387-89DB-1260F51B6894}.Windows 8.1 APIs Release|x86.ActiveCfg = Release|Win32
		{5503E3B8-60EB-4387-89DB-1260F51B6894}.Windows 8.1 APIs Release|x86.Build.0 = Release|Win32
		{96DCEB8A-FF0D-41EF-A632-389CDF24C955}.Debug|Any CPU.ActiveCfg = Debug|Any CPU
		{96DCEB8A-FF0D-41EF-A632-389CDF24C955}.Debug|Any CPU.Build.0 = Debug|Any CPU
		{96DCEB8A-FF0D-41EF-A632-389CDF24C955}.Debug|ARM.ActiveCfg = Debug|ARM
		{96DCEB8A-FF0D-41EF-A632-389CDF24C955}.Debug|ARM.Build.0 = Debug|ARM
		{96DCEB8A-FF0D-41EF-A632-389CDF24C955}.Debug|x64.ActiveCfg = Debug|x64
		{96DCEB8A-FF0D-41EF-A632-389CDF24C955}.Debug|x64.Build.0 = Debug|x64
		{96DCEB8A-FF0D-41EF-A632-389CDF24C955}.Debug|x86.ActiveCfg = Debug|x86
		{96DCEB8A-FF0D-41EF-A632-389CDF24C955}.Debug|x86.Build.0 = Debug|x86
		{96DCEB8A-FF0D-41EF-A632-389CDF24C955}.Release|Any CPU.ActiveCfg = Release|Any CPU
		{96DCEB8A-FF0D-41EF-A632-389CDF24C955}.Release|Any CPU.Build.0 = Release|Any CPU
		{96DCEB8A-FF0D-41EF-A632-389CDF24C955}.Release|ARM.ActiveCfg = Release|ARM
		{96DCEB8A-FF0D-41EF-A632-389CDF24C955}.Release|ARM.Build.0 = Release|ARM
		{96DCEB8A-FF0D-41EF-A632-389CDF24C955}.Release|x64.ActiveCfg = Release|x64
		{96DCEB8A-FF0D-41EF-A632-389CDF24C955}.Release|x64.Build.0 = Release|x64
		{96DCEB8A-FF0D-41EF-A632-389CDF24C955}.Release|x86.ActiveCfg = Release|x86
		{96DCEB8A-FF0D-41EF-A632-389CDF24C955}.Release|x86.Build.0 = Release|x86
		{96DCEB8A-FF0D-41EF-A632-389CDF24C955}.Windows 8 APIs Debug|Any CPU.ActiveCfg = Debug|Any CPU
		{96DCEB8A-FF0D-41EF-A632-389CDF24C955}.Windows 8 APIs Debug|Any CPU.Build.0 = Debug|Any CPU
		{96DCEB8A-FF0D-41EF-A632-389CDF24C955}.Windows 8 APIs Debug|ARM.ActiveCfg = Debug|ARM
		{96DCEB8A-FF0D-41EF-A632-389CDF24C955}.Windows 8 APIs Debug|ARM.Build.0 = Debug|ARM
		{96DCEB8A-FF0D-41EF-A632-389CDF24C955}.Windows 8 APIs Debug|x64.ActiveCfg = Debug|x64
		{96DCEB8A-FF0D-41EF-A632-389CDF24C955}.Windows 8 APIs Debug|x64.Build.0 = Debug|x64
		{96DCEB8A-FF0D-41EF-A632-389CDF24C955}.Windows 8 APIs Debug|x86.ActiveCfg = Debug|x86
		{96DCEB8A-FF0D-41EF-A632-389CDF24C955}.Windows 8 APIs Debug|x86.Build.0 = Debug|x86
		{96DCEB8A-FF0D-41EF-A632-389CDF24C955}.Windows 8 APIs Release|Any CPU.ActiveCfg = Release|Any CPU
		{96DCEB8A-FF0D-41EF-A632-389CDF24C955}.Windows 8 APIs Release|Any CPU.Build.0 = Release|Any CPU
		{96DCEB8A-FF0D-41EF-A632-389CDF24C955}.Windows 8 APIs Release|ARM.ActiveCfg = Release|ARM
		{96DCEB8A-FF0D-41EF-A632-389CDF24C955}.Windows 8 APIs Release|ARM.Build.0 = Release|ARM
		{96DCEB8A-FF0D-41EF-A632-389CDF24C955}.Windows 8 APIs Release|x64.ActiveCfg = Release|x64
		{96DCEB8A-FF0D-41EF-A632-389CDF24C955}.Windows 8 APIs Release|x64.Build.0 = Release|x64
		{96DCEB8A-FF0D-41EF-A632-389CDF24C955}.Windows 8 APIs Release|x86.ActiveCfg = Release|x86
		{96DCEB8A-FF0D-41EF-A632-389CDF24C955}.Windows 8 APIs Release|x86.Build.0 = Release|x86
		{96DCEB8A-FF0D-41EF-A632-389CDF24C955}.Windows 8.1 APIs Debug|Any CPU.ActiveCfg = Debug|Any CPU
		{96DCEB8A-FF0D-41EF-A632-389CDF24C955}.Windows 8.1 APIs Debug|Any CPU.Build.0 = Debug|Any CPU
		{96DCEB8A-FF0D-41EF-A632-389CDF24C955}.Windows 8.1 APIs Debug|ARM.ActiveCfg = Debug|ARM
		{96DCEB8A-FF0D-41EF-A632-389CDF24C955}.Windows 8.1 APIs Debug|ARM.Build.0 = Debug|ARM
		{96DCEB8A-FF0D-41EF-A632-389CDF24C955}.Windows 8.1 APIs Debug|x64.ActiveCfg = Debug|x64
		{96DCEB8A-FF0D-41EF-A632-389CDF24C955}.Windows 8.1 APIs Debug|x64.Build.0 = Debug|x64
		{96DCEB8A-FF0D-41EF-A632-389CDF24C955}.Windows 8.1 APIs Debug|x86.ActiveCfg = Debug|x86
		{96DCEB8A-FF0D-41EF-A632-389CDF24C955}.Windows 8.1 APIs Debug|x86.Build.0 = Debug|x86
		{96DCEB8A-FF0D-41EF-A632-389CDF24C955}.Windows 8.1 APIs Release|Any CPU.ActiveCfg = Release|Any CPU
		{96DCEB8A-FF0D-41EF-A632-389CDF24C955}.Windows 8.1 APIs Release|Any CPU.Build.0 = Release|Any CPU
		{96DCEB8A-FF0D-41EF-A632-389CDF24C955}.Windows 8.1 APIs Release|ARM.ActiveCfg = Release|ARM
		{96DCEB8A-FF0D-41EF-A632-389CDF24C955}.Windows 8.1 APIs Release|ARM.Build.0 = Release|ARM
		{96DCEB8A-FF0D-41EF-A632-389CDF24C955}.Windows 8.1 APIs Release|x64.ActiveCfg = Release|x64
		{96DCEB8A-FF0D-41EF-A632-389CDF24C955}.Windows 8.1 APIs Release|x64.Build.0 = Release|x64
		{96DCEB8A-FF0D-41EF-A632-389CDF24C955}.Windows 8.1 APIs Release|x86.ActiveCfg = Release|x86
		{96DCEB8A-FF0D-41EF-A632-389CDF24C955}.Windows 8.1 APIs Release|x86.Build.0 = Release|x86
		{85CB9C94-0429-42D6-B5B6-670332DB2821}.Debug|Any CPU.ActiveCfg = Debug|Win32
		{85CB9C94-0429-42D6-B5B6-670332DB2821}.Debug|ARM.ActiveCfg = Debug|ARM
		{85CB9C94-0429-42D6-B5B6-670332DB2821}.Debug|ARM.Build.0 = Debug|ARM
		{85CB9C94-0429-42D6-B5B6-670332DB2821}.Debug|x64.ActiveCfg = Debug|x64
		{85CB9C94-0429-42D6-B5B6-670332DB2821}.Debug|x64.Build.0 = Debug|x64
		{85CB9C94-0429-42D6-B5B6-670332DB2821}.Debug|x86.ActiveCfg = Debug|Win32
		{85CB9C94-0429-42D6-B5B6-670332DB2821}.Debug|x86.Build.0 = Debug|Win32
		{85CB9C94-0429-42D6-B5B6-670332DB2821}.Release|Any CPU.ActiveCfg = Release|Win32
		{85CB9C94-0429-42D6-B5B6-670332DB2821}.Release|ARM.ActiveCfg = Release|ARM
		{85CB9C94-0429-42D6-B5B6-670332DB2821}.Release|ARM.Build.0 = Release|ARM
		{85CB9C94-0429-42D6-B5B6-670332DB2821}.Release|x64.ActiveCfg = Release|x64
		{85CB9C94-0429-42D6-B5B6-670332DB2821}.Release|x64.Build.0 = Release|x64
		{85CB9C94-0429-42D6-B5B6-670332DB2821}.Release|x86.ActiveCfg = Release|Win32
		{85CB9C94-0429-42D6-B5B6-670332DB2821}.Release|x86.Build.0 = Release|Win32
		{85CB9C94-0429-42D6-B5B6-670332DB2821}.Windows 8 APIs Debug|Any CPU.ActiveCfg = Release|x64
		{85CB9C94-0429-42D6-B5B6-670332DB2821}.Windows 8 APIs Debug|Any CPU.Build.0 = Release|x64
		{85CB9C94-0429-42D6-B5B6-670332DB2821}.Windows 8 APIs Debug|ARM.ActiveCfg = Debug|ARM
		{85CB9C94-0429-42D6-B5B6-670332DB2821}.Windows 8 APIs Debug|ARM.Build.0 = Debug|ARM
		{85CB9C94-0429-42D6-B5B6-670332DB2821}.Windows 8 APIs Debug|x64.ActiveCfg = Debug|x64
		{85CB9C94-0429-42D6-B5B6-670332DB2821}.Windows 8 APIs Debug|x64.Build.0 = Debug|x64
		{85CB9C94-0429-42D6-B5B6-670332DB2821}.Windows 8 APIs Debug|x86.ActiveCfg = Debug|Win32
		{85CB9C94-0429-42D6-B5B6-670332DB2821}.Windows 8 APIs Debug|x86.Build.0 = Debug|Win32
		{85CB9C94-0429-42D6-B5B6-670332DB2821}.Windows 8 APIs Release|Any CPU.ActiveCfg = Release|x64
		{85CB9C94-0429-42D6-B5B6-670332DB2821}.Windows 8 APIs Release|Any CPU.Build.0 = Release|x64
		{85CB9C94-0429-42D6-B5B6-670332DB2821}.Windows 8 APIs Release|ARM.ActiveCfg = Release|ARM
		{85CB9C94-0429-42D6-B5B6-670332DB2821}.Windows 8 APIs Release|ARM.Build.0 = Release|ARM
		{85CB9C94-0429-42D6-B5B6-670332DB2821}.Windows 8 APIs Release|x64.ActiveCfg = Release|x64
		{85CB9C94-0429-42D6-B5B6-670332DB2821}.Windows 8 APIs Release|x64.Build.0 = Release|x64
		{85CB9C94-0429-42D6-B5B6-670332DB2821}.Windows 8 APIs Release|x86.ActiveCfg = Release|Win32
		{85CB9C94-0429-42D6-B5B6-670332DB2821}.Windows 8 APIs Release|x86.Build.0 = Release|Win32
		{85CB9C94-0429-42D6-B5B6-670332DB2821}.Windows 8.1 APIs Debug|Any CPU.ActiveCfg = Release|x64
		{85CB9C94-0429-42D6-B5B6-670332DB2821}.Windows 8.1 APIs Debug|Any CPU.Build.0 = Release|x64
		{85CB9C94-0429-42D6-B5B6-670332DB2821}.Windows 8.1 APIs Debug|ARM.ActiveCfg = Debug|ARM
		{85CB9C94-0429-42D6-B5B6-670332DB2821}.Windows 8.1 APIs Debug|ARM.Build.0 = Debug|ARM
		{85CB9C94-0429-42D6-B5B6-670332DB2821}.Windows 8.1 APIs Debug|x64.ActiveCfg = Debug|x64
		{85CB9C94-0429-42D6-B5B6-670332DB2821}.Windows 8.1 APIs Debug|x64.Build.0 = Debug|x64
		{85CB9C94-0429-42D6-B5B6-670332DB2821}.Windows 8.1 APIs Debug|x86.ActiveCfg = Debug|Win32
		{85CB9C94-0429-42D6-B5B6-670332DB2821}.Windows 8.1 APIs Debug|x86.Build.0 = Debug|Win32
		{85CB9C94-0429-42D6-B5B6-670332DB2821}.Windows 8.1 APIs Release|Any CPU.ActiveCfg = Release|x64
		{85CB9C94-0429-42D6-B5B6-670332DB2821}.Windows 8.1 APIs Release|Any CPU.Build.0 = Release|x64
		{85CB9C94-0429-42D6-B5B6-670332DB2821}.Windows 8.1 APIs Release|ARM.ActiveCfg = Release|ARM
		{85CB9C94-0429-42D6-B5B6-670332DB2821}.Windows 8.1 APIs Release|ARM.Build.0 = Release|ARM
		{85CB9C94-0429-42D6-B5B6-670332DB2821}.Windows 8.1 APIs Release|x64.ActiveCfg = Release|x64
		{85CB9C94-0429-42D6-B5B6-670332DB2821}.Windows 8.1 APIs Release|x64.Build.0 = Release|x64
		{85CB9C94-0429-42D6-B5B6-670332DB2821}.Windows 8.1 APIs Release|x86.ActiveCfg = Release|Win32
		{85CB9C94-0429-42D6-B5B6-670332DB2821}.Windows 8.1 APIs Release|x86.Build.0 = Release|Win32
		{78F56C11-5854-4ED4-81FC-EDE7D4FDF8E5}.Debug|Any CPU.ActiveCfg = Debug|Any CPU
		{78F56C11-5854-4ED4-81FC-EDE7D4FDF8E5}.Debug|Any CPU.Build.0 = Debug|Any CPU
		{78F56C11-5854-4ED4-81FC-EDE7D4FDF8E5}.Debug|ARM.ActiveCfg = Debug|ARM
		{78F56C11-5854-4ED4-81FC-EDE7D4FDF8E5}.Debug|ARM.Build.0 = Debug|ARM
		{78F56C11-5854-4ED4-81FC-EDE7D4FDF8E5}.Debug|x64.ActiveCfg = Debug|x64
		{78F56C11-5854-4ED4-81FC-EDE7D4FDF8E5}.Debug|x64.Build.0 = Debug|x64
		{78F56C11-5854-4ED4-81FC-EDE7D4FDF8E5}.Debug|x86.ActiveCfg = Debug|x86
		{78F56C11-5854-4ED4-81FC-EDE7D4FDF8E5}.Debug|x86.Build.0 = Debug|x86
		{78F56C11-5854-4ED4-81FC-EDE7D4FDF8E5}.Release|Any CPU.ActiveCfg = Release|Any CPU
		{78F56C11-5854-4ED4-81FC-EDE7D4FDF8E5}.Release|Any CPU.Build.0 = Release|Any CPU
		{78F56C11-5854-4ED4-81FC-EDE7D4FDF8E5}.Release|ARM.ActiveCfg = Release|ARM
		{78F56C11-5854-4ED4-81FC-EDE7D4FDF8E5}.Release|ARM.Build.0 = Release|ARM
		{78F56C11-5854-4ED4-81FC-EDE7D4FDF8E5}.Release|x64.ActiveCfg = Release|x64
		{78F56C11-5854-4ED4-81FC-EDE7D4FDF8E5}.Release|x64.Build.0 = Release|x64
		{78F56C11-5854-4ED4-81FC-EDE7D4FDF8E5}.Release|x86.ActiveCfg = Release|x86
		{78F56C11-5854-4ED4-81FC-EDE7D4FDF8E5}.Release|x86.Build.0 = Release|x86
		{78F56C11-5854-4ED4-81FC-EDE7D4FDF8E5}.Windows 8 APIs Debug|Any CPU.ActiveCfg = Debug|Any CPU
		{78F56C11-5854-4ED4-81FC-EDE7D4FDF8E5}.Windows 8 APIs Debug|Any CPU.Build.0 = Debug|Any CPU
		{78F56C11-5854-4ED4-81FC-EDE7D4FDF8E5}.Windows 8 APIs Debug|ARM.ActiveCfg = Debug|ARM
		{78F56C11-5854-4ED4-81FC-EDE7D4FDF8E5}.Windows 8 APIs Debug|ARM.Build.0 = Debug|ARM
		{78F56C11-5854-4ED4-81FC-EDE7D4FDF8E5}.Windows 8 APIs Debug|x64.ActiveCfg = Debug|x64
		{78F56C11-5854-4ED4-81FC-EDE7D4FDF8E5}.Windows 8 APIs Debug|x64.Build.0 = Debug|x64
		{78F56C11-5854-4ED4-81FC-EDE7D4FDF8E5}.Windows 8 APIs Debug|x86.ActiveCfg = Debug|x86
		{78F56C11-5854-4ED4-81FC-EDE7D4FDF8E5}.Windows 8 APIs Debug|x86.Build.0 = Debug|x86
		{78F56C11-5854-4ED4-81FC-EDE7D4FDF8E5}.Windows 8 APIs Release|Any CPU.ActiveCfg = Release|Any CPU
		{78F56C11-5854-4ED4-81FC-EDE7D4FDF8E5}.Windows 8 APIs Release|Any CPU.Build.0 = Release|Any CPU
		{78F56C11-5854-4ED4-81FC-EDE7D4FDF8E5}.Windows 8 APIs Release|ARM.ActiveCfg = Release|ARM
		{78F56C11-5854-4ED4-81FC-EDE7D4FDF8E5}.Windows 8 APIs Release|ARM.Build.0 = Release|ARM
		{78F56C11-5854-4ED4-81FC-EDE7D4FDF8E5}.Windows 8 APIs Release|x64.ActiveCfg = Release|x64
		{78F56C11-5854-4ED4-81FC-EDE7D4FDF8E5}.Windows 8 APIs Release|x64.Build.0 = Release|x64
		{78F56C11-5854-4ED4-81FC-EDE7D4FDF8E5}.Windows 8 APIs Release|x86.ActiveCfg = Release|x86
		{78F56C11-5854-4ED4-81FC-EDE7D4FDF8E5}.Windows 8 APIs Release|x86.Build.0 = Release|x86
		{78F56C11-5854-4ED4-81FC-EDE7D4FDF8E5}.Windows 8.1 APIs Debug|Any CPU.ActiveCfg = Debug|Any CPU
		{78F56C11-5854-4ED4-81FC-EDE7D4FDF8E5}.Windows 8.1 APIs Debug|Any CPU.Build.0 = Debug|Any CPU
		{78F56C11-5854-4ED4-81FC-EDE7D4FDF8E5}.Windows 8.1 APIs Debug|ARM.ActiveCfg = Debug|ARM
		{78F56C11-5854-4ED4-81FC-EDE7D4FDF8E5}.Windows 8.1 APIs Debug|ARM.Build.0 = Debug|ARM
		{78F56C11-5854-4ED4-81FC-EDE7D4FDF8E5}.Windows 8.1 APIs Debug|x64.ActiveCfg = Debug|x64
		{78F56C11-5854-4ED4-81FC-EDE7D4FDF8E5}.Windows 8.1 APIs Debug|x64.Build.0 = Debug|x64
		{78F56C11-5854-4ED4-81FC-EDE7D4FDF8E5}.Windows 8.1 APIs Debug|x86.ActiveCfg = Debug|x86
		{78F56C11-5854-4ED4-81FC-EDE7D4FDF8E5}.Windows 8.1 APIs Debug|x86.Build.0 = Debug|x86
		{78F56C11-5854-4ED4-81FC-EDE7D4FDF8E5}.Windows 8.1 APIs Release|Any CPU.ActiveCfg = Release|Any CPU
		{78F56C11-5854-4ED4-81FC-EDE7D4FDF8E5}.Windows 8.1 APIs Release|Any CPU.Build.0 = Release|Any CPU
		{78F56C11-5854-4ED4-81FC-EDE7D4FDF8E5}.Windows 8.1 APIs Release|ARM.ActiveCfg = Release|ARM
		{78F56C11-5854-4ED4-81FC-EDE7D4FDF8E5}.Windows 8.1 APIs Release|ARM.Build.0 = Release|ARM
		{78F56C11-5854-4ED4-81FC-EDE7D4FDF8E5}.Windows 8.1 APIs Release|x64.ActiveCfg = Release|x64
		{78F56C11-5854-4ED4-81FC-EDE7D4FDF8E5}.Windows 8.1 APIs Release|x64.Build.0 = Release|x64
		{78F56C11-5854-4ED4-81FC-EDE7D4FDF8E5}.Windows 8.1 APIs Release|x86.ActiveCfg = Release|x86
		{78F56C11-5854-4ED4-81FC-EDE7D4FDF8E5}.Windows 8.1 APIs Release|x86.Build.0 = Release|x86
		{5809E599-7A9D-4262-8530-5D5E5AE42879}.Debug|Any CPU.ActiveCfg = Debug|Any CPU
		{5809E599-7A9D-4262-8530-5D5E5AE42879}.Debug|Any CPU.Build.0 = Debug|Any CPU
		{5809E599-7A9D-4262-8530-5D5E5AE42879}.Debug|Any CPU.Deploy.0 = Debug|Any CPU
		{5809E599-7A9D-4262-8530-5D5E5AE42879}.Debug|ARM.ActiveCfg = Debug|ARM
		{5809E599-7A9D-4262-8530-5D5E5AE42879}.Debug|ARM.Build.0 = Debug|ARM
		{5809E599-7A9D-4262-8530-5D5E5AE42879}.Debug|ARM.Deploy.0 = Debug|ARM
		{5809E599-7A9D-4262-8530-5D5E5AE42879}.Debug|x64.ActiveCfg = Debug|x64
		{5809E599-7A9D-4262-8530-5D5E5AE42879}.Debug|x64.Build.0 = Debug|x64
		{5809E599-7A9D-4262-8530-5D5E5AE42879}.Debug|x64.Deploy.0 = Debug|x64
		{5809E599-7A9D-4262-8530-5D5E5AE42879}.Debug|x86.ActiveCfg = Debug|x86
		{5809E599-7A9D-4262-8530-5D5E5AE42879}.Debug|x86.Build.0 = Debug|x86
		{5809E599-7A9D-4262-8530-5D5E5AE42879}.Debug|x86.Deploy.0 = Debug|x86
		{5809E599-7A9D-4262-8530-5D5E5AE42879}.Release|Any CPU.ActiveCfg = Release|Any CPU
		{5809E599-7A9D-4262-8530-5D5E5AE42879}.Release|Any CPU.Build.0 = Release|Any CPU
		{5809E599-7A9D-4262-8530-5D5E5AE42879}.Release|Any CPU.Deploy.0 = Release|Any CPU
		{5809E599-7A9D-4262-8530-5D5E5AE42879}.Release|ARM.ActiveCfg = Release|ARM
		{5809E599-7A9D-4262-8530-5D5E5AE42879}.Release|ARM.Build.0 = Release|ARM
		{5809E599-7A9D-4262-8530-5D5E5AE42879}.Release|ARM.Deploy.0 = Release|ARM
		{5809E599-7A9D-4262-8530-5D5E5AE42879}.Release|x64.ActiveCfg = Release|x64
		{5809E599-7A9D-4262-8530-5D5E5AE42879}.Release|x64.Build.0 = Release|x64
		{5809E599-7A9D-4262-8530-5D5E5AE42879}.Release|x64.Deploy.0 = Release|x64
		{5809E599-7A9D-4262-8530-5D5E5AE42879}.Release|x86.ActiveCfg = Release|x86
		{5809E599-7A9D-4262-8530-5D5E5AE42879}.Release|x86.Build.0 = Release|x86
		{5809E599-7A9D-4262-8530-5D5E5AE42879}.Release|x86.Deploy.0 = Release|x86
		{5809E599-7A9D-4262-8530-5D5E5AE42879}.Windows 8 APIs Debug|Any CPU.ActiveCfg = Debug|Any CPU
		{5809E599-7A9D-4262-8530-5D5E5AE42879}.Windows 8 APIs Debug|Any CPU.Build.0 = Debug|Any CPU
		{5809E599-7A9D-4262-8530-5D5E5AE42879}.Windows 8 APIs Debug|Any CPU.Deploy.0 = Debug|Any CPU
		{5809E599-7A9D-4262-8530-5D5E5AE42879}.Windows 8 APIs Debug|ARM.ActiveCfg = Debug|ARM
		{5809E599-7A9D-4262-8530-5D5E5AE42879}.Windows 8 APIs Debug|ARM.Build.0 = Debug|ARM
		{5809E599-7A9D-4262-8530-5D5E5AE42879}.Windows 8 APIs Debug|ARM.Deploy.0 = Debug|ARM
		{5809E599-7A9D-4262-8530-5D5E5AE42879}.Windows 8 APIs Debug|x64.ActiveCfg = Debug|x64
		{5809E599-7A9D-4262-8530-5D5E5AE42879}.Windows 8 APIs Debug|x64.Build.0 = Debug|x64
		{5809E599-7A9D-4262-8530-5D5E5AE42879}.Windows 8 APIs Debug|x64.Deploy.0 = Debug|x64
		{5809E599-7A9D-4262-8530-5D5E5AE42879}.Windows 8 APIs Debug|x86.ActiveCfg = Debug|x86
		{5809E599-7A9D-4262-8530-5D5E5AE42879}.Windows 8 APIs Debug|x86.Build.0 = Debug|x86
		{5809E599-7A9D-4262-8530-5D5E5AE42879}.Windows 8 APIs Debug|x86.Deploy.0 = Debug|x86
		{5809E599-7A9D-4262-8530-5D5E5AE42879}.Windows 8 APIs Release|Any CPU.ActiveCfg = Release|Any CPU
		{5809E599-7A9D-4262-8530-5D5E5AE42879}.Windows 8 APIs Release|Any CPU.Build.0 = Release|Any CPU
		{5809E599-7A9D-4262-8530-5D5E5AE42879}.Windows 8 APIs Release|Any CPU.Deploy.0 = Release|Any CPU
		{5809E599-7A9D-4262-8530-5D5E5AE42879}.Windows 8 APIs Release|ARM.ActiveCfg = Release|ARM
		{5809E599-7A9D-4262-8530-5D5E5AE42879}.Windows 8 APIs Release|ARM.Build.0 = Release|ARM
		{5809E599-7A9D-4262-8530-5D5E5AE42879}.Windows 8 APIs Release|ARM.Deploy.0 = Release|ARM
		{5809E599-7A9D-4262-8530-5D5E5AE42879}.Windows 8 APIs Release|x64.ActiveCfg = Release|x64
		{5809E599-7A9D-4262-8530-5D5E5AE42879}.Windows 8 APIs Release|x64.Build.0 = Release|x64
		{5809E599-7A9D-4262-8530-5D5E5AE42879}.Windows 8 APIs Release|x64.Deploy.0 = Release|x64
		{5809E599-7A9D-4262-8530-5D5E5AE42879}.Windows 8 APIs Release|x86.ActiveCfg = Release|x86
		{5809E599-7A9D-4262-8530-5D5E5AE42879}.Windows 8 APIs Release|x86.Build.0 = Release|x86
		{5809E599-7A9D-4262-8530-5D5E5AE42879}.Windows 8 APIs Release|x86.Deploy.0 = Release|x86
		{5809E599-7A9D-4262-8530-5D5E5AE42879}.Windows 8.1 APIs Debug|Any CPU.ActiveCfg = Debug|Any CPU
		{5809E599-7A9D-4262-8530-5D5E5AE42879}.Windows 8.1 APIs Debug|Any CPU.Build.0 = Debug|Any CPU
		{5809E599-7A9D-4262-8530-5D5E5AE42879}.Windows 8.1 APIs Debug|Any CPU.Deploy.0 = Debug|Any CPU
		{5809E599-7A9D-4262-8530-5D5E5AE42879}.Windows 8.1 APIs Debug|ARM.ActiveCfg = Debug|ARM
		{5809E599-7A9D-4262-8530-5D5E5AE42879}.Windows 8.1 APIs Debug|ARM.Build.0 = Debug|ARM
		{5809E599-7A9D-4262-8530-5D5E5AE42879}.Windows 8.1 APIs Debug|ARM.Deploy.0 = Debug|ARM
		{5809E599-7A9D-4262-8530-5D5E5AE42879}.Windows 8.1 APIs Debug|x64.ActiveCfg = Debug|x64
		{5809E599-7A9D-4262-8530-5D5E5AE42879}.Windows 8.1 APIs Debug|x64.Build.0 = Debug|x64
		{5809E599-7A9D-4262-8530-5D5E5AE42879}.Windows 8.1 APIs Debug|x64.Deploy.0 = Debug|x64
		{5809E599-7A9D-4262-8530-5D5E5AE42879}.Windows 8.1 APIs Debug|x86.ActiveCfg = Debug|x86
		{5809E599-7A9D-4262-8530-5D5E5AE42879}.Windows 8.1 APIs Debug|x86.Build.0 = Debug|x86
		{5809E599-7A9D-4262-8530-5D5E5AE42879}.Windows 8.1 APIs Debug|x86.Deploy.0 = Debug|x86
		{5809E599-7A9D-4262-8530-5D5E5AE42879}.Windows 8.1 APIs Release|Any CPU.ActiveCfg = Release|Any CPU
		{5809E599-7A9D-4262-8530-5D5E5AE42879}.Windows 8.1 APIs Release|Any CPU.Build.0 = Release|Any CPU
		{5809E599-7A9D-4262-8530-5D5E5AE42879}.Windows 8.1 APIs Release|Any CPU.Deploy.0 = Release|Any CPU
		{5809E599-7A9D-4262-8530-5D5E5AE42879}.Windows 8.1 APIs Release|ARM.ActiveCfg = Release|ARM
		{5809E599-7A9D-4262-8530-5D5E5AE42879}.Windows 8.1 APIs Release|ARM.Build.0 = Release|ARM
		{5809E599-7A9D-4262-8530-5D5E5AE42879}.Windows 8.1 APIs Release|ARM.Deploy.0 = Release|ARM
		{5809E599-7A9D-4262-8530-5D5E5AE42879}.Windows 8.1 APIs Release|x64.ActiveCfg = Release|x64
		{5809E599-7A9D-4262-8530-5D5E5AE42879}.Windows 8.1 APIs Release|x64.Build.0 = Release|x64
		{5809E599-7A9D-4262-8530-5D5E5AE42879}.Windows 8.1 APIs Release|x64.Deploy.0 = Release|x64
		{5809E599-7A9D-4262-8530-5D5E5AE42879}.Windows 8.1 APIs Release|x86.ActiveCfg = Release|x86
		{5809E599-7A9D-4262-8530-5D5E5AE42879}.Windows 8.1 APIs Release|x86.Build.0 = Release|x86
		{5809E599-7A9D-4262-8530-5D5E5AE42879}.Windows 8.1 APIs Release|x86.Deploy.0 = Release|x86
	EndGlobalSection
	GlobalSection(SolutionProperties) = preSolution
		HideSolutionNode = FALSE
	EndGlobalSection
EndGlobal
