<?xml version="1.0" encoding="utf-8"?>
<Project ToolsVersion="4.0" xmlns="http://schemas.microsoft.com/developer/msbuild/2003">
  <ItemGroup>
    <ApplicationDefinition Include="App.xaml" />
  </ItemGroup>
  <ItemGroup>
    <Page Include="MainWindow.xaml" />
    <Page Include="UserLaunchMainPage.xaml" />
    <Page Include="AppInfo.xaml" />
    <Page Include="PrinterSettings.xaml" />
    <Page Include="WatermarkPreviewControl.xaml" />
    <Page Include="PreviewPaginationControl.xaml" />
    <Page Include="WorkflowWatermarkSample.xaml" />
    <Page Include="JobActivationMainPage.xaml" />
  </ItemGroup>
  <ItemGroup>
    <Midl Include="App.idl" />
    <Midl Include="MainWindow.idl" />
  </ItemGroup>
  <ItemGroup>
    <ClCompile Include="pch.cpp" />
    <ClCompile Include="$(GeneratedFilesDir)module.g.cpp" />
    <ClCompile Include="ModalWindowHandler.cpp" />
  </ItemGroup>
  <ItemGroup>
    <ClInclude Include="pch.h" />
    <ClInclude Include="ModalWindowHandler.h" />
  </ItemGroup>
  <ItemGroup>
    <Image Include="Assets\Wide310x150Logo.scale-200.png">
      <Filter>Assets</Filter>
    </Image>
    <Image Include="Assets\StoreLogo.png">
      <Filter>Assets</Filter>
    </Image>
    <Image Include="Assets\Square150x150Logo.scale-200.png">
      <Filter>Assets</Filter>
    </Image>
    <Image Include="Assets\Square44x44Logo.targetsize-24_altform-unplated.png">
      <Filter>Assets</Filter>
    </Image>
    <Image Include="Assets\Square44x44Logo.scale-200.png">
      <Filter>Assets</Filter>
    </Image>
    <Image Include="Assets\SplashScreen.scale-200.png">
      <Filter>Assets</Filter>
    </Image>
    <Image Include="Assets\LockScreenLogo.scale-200.png">
      <Filter>Assets</Filter>
    </Image>
    <Image Include="Assets\contoso_logo.jpg">
      <Filter>Assets</Filter>
    </Image>
  </ItemGroup>
  <ItemGroup>
    <Filter Include="Assets">
      <UniqueIdentifier>{18515adc-aff9-44a2-879e-4d84648dc9eb}</UniqueIdentifier>
    </Filter>
    <Filter Include="Strings">
      <UniqueIdentifier>{e2960ce5-3cae-4ca1-8a9a-8d507739c864}</UniqueIdentifier>
    </Filter>
    <Filter Include="Strings\en-Us">
      <UniqueIdentifier>{cf2a5b9b-491a-45d0-8b76-120f8119feb1}</UniqueIdentifier>
    </Filter>
    <Filter Include="Config">
      <UniqueIdentifier>{51f32bdc-1a81-4784-9781-0eb23d706d38}</UniqueIdentifier>
    </Filter>
    <Filter Include="Assets\Fonts">
      <UniqueIdentifier>{e6e61edb-573f-4bfc-9c98-9568c7c1ed0b}</UniqueIdentifier>
    </Filter>
  </ItemGroup>
  <ItemGroup>
    <Text Include="readme.txt" />
    <Text Include="Assets\Fonts\LICENSE.txt">
      <Filter>Assets\Fonts</Filter>
    </Text>
  </ItemGroup>
  <ItemGroup>
    <Manifest Include="app.manifest" />
  </ItemGroup>
  <ItemGroup>
    <AppxManifest Include="Package.appxmanifest" />
  </ItemGroup>
  <ItemGroup>
    <Natvis Include="$(MSBuildThisFileDirectory)..\..\natvis\wil.natvis" />
  </ItemGroup>
  <ItemGroup>
    <PRIResource Include="Strings\en-US\Resources.resw">
      <Filter>Strings\en-Us</Filter>
    </PRIResource>
  </ItemGroup>
  <ItemGroup>
    <Xml Include="Config\PrinterPdc.xml">
      <Filter>Config</Filter>
    </Xml>
  </ItemGroup>
  <ItemGroup>
    <None Include="packages.config" />
    <None Include="PSAAppSdk_TemporaryKey.pfx" />
  </ItemGroup>
  <ItemGroup>
    <Font Include="Assets\Fonts\Roboto-Black.ttf">
      <Filter>Assets\Fonts</Filter>
    </Font>
  </ItemGroup>
</Project>